// !$*UTF8*$!
{
	archiveVersion = 1;
	classes = {
	};
	objectVersion = 60;
	objects = {

/* Begin PBXBuildFile section */
		DD099F6E2B2F284D001D18EC /* OneSignalExtension in Frameworks */ = {isa = PBXBuildFile; productRef = DD099F6D2B2F284D001D18EC /* OneSignalExtension */; };
		DD099F702B2F284D001D18EC /* OneSignalFramework in Frameworks */ = {isa = PBXBuildFile; productRef = DD099F6F2B2F284D001D18EC /* OneSignalFramework */; };
		DD099F722B2F284D001D18EC /* OneSignalInAppMessages in Frameworks */ = {isa = PBXBuildFile; productRef = DD099F712B2F284D001D18EC /* OneSignalInAppMessages */; };
		DD099F742B2F284D001D18EC /* OneSignalLocation in Frameworks */ = {isa = PBXBuildFile; productRef = DD099F732B2F284D001D18EC /* OneSignalLocation */; };
		DD26640A2B2C543C0071CAFC /* AppsFlyerLib in Frameworks */ = {isa = PBXBuildFile; productRef = DD2664092B2C543C0071CAFC /* AppsFlyerLib */; };
		DD280D4E2B1B9EEE00707971 /* Model.swift in Sources */ = {isa = PBXBuildFile; fileRef = DD280D4D2B1B9EEE00707971 /* Model.swift */; };
		DD280D502B1BAD7E00707971 /* StorageManager.swift in Sources */ = {isa = PBXBuildFile; fileRef = DD280D4F2B1BAD7E00707971 /* StorageManager.swift */; };
		DD280D552B1BB17E00707971 /* Extension.swift in Sources */ = {isa = PBXBuildFile; fileRef = DD280D542B1BB17E00707971 /* Extension.swift */; };
		DD280D572B1DBDD600707971 /* GoogleService-Info.plist in Resources */ = {isa = PBXBuildFile; fileRef = DD280D562B1DBDD500707971 /* GoogleService-Info.plist */; };
		DD280D5A2B1DBE9100707971 /* FirebaseAnalytics in Frameworks */ = {isa = PBXBuildFile; productRef = DD280D592B1DBE9100707971 /* FirebaseAnalytics */; };
		DD280D5C2B1DBE9100707971 /* FirebaseAnalyticsOnDeviceConversion in Frameworks */ = {isa = PBXBuildFile; productRef = DD280D5B2B1DBE9100707971 /* FirebaseAnalyticsOnDeviceConversion */; };
		DD280D5E2B1DBE9100707971 /* FirebaseAnalyticsSwift in Frameworks */ = {isa = PBXBuildFile; productRef = DD280D5D2B1DBE9100707971 /* FirebaseAnalyticsSwift */; };
		DD280D602B1DBE9100707971 /* FirebaseAnalyticsWithoutAdIdSupport in Frameworks */ = {isa = PBXBuildFile; productRef = DD280D5F2B1DBE9100707971 /* FirebaseAnalyticsWithoutAdIdSupport */; };
		DD280D622B1DBE9100707971 /* FirebaseAppCheck in Frameworks */ = {isa = PBXBuildFile; productRef = DD280D612B1DBE9100707971 /* FirebaseAppCheck */; };
		DD280D642B1DBE9100707971 /* FirebaseAppDistribution-Beta in Frameworks */ = {isa = PBXBuildFile; productRef = DD280D632B1DBE9100707971 /* FirebaseAppDistribution-Beta */; };
		DD280D662B1DBE9100707971 /* FirebaseAuth in Frameworks */ = {isa = PBXBuildFile; productRef = DD280D652B1DBE9100707971 /* FirebaseAuth */; };
		DD280D682B1DBE9100707971 /* FirebaseAuthCombine-Community in Frameworks */ = {isa = PBXBuildFile; productRef = DD280D672B1DBE9100707971 /* FirebaseAuthCombine-Community */; };
		DD280D6A2B1DBE9100707971 /* FirebaseCrashlytics in Frameworks */ = {isa = PBXBuildFile; productRef = DD280D692B1DBE9100707971 /* FirebaseCrashlytics */; };
		DD280D6C2B1DBE9100707971 /* FirebaseDatabase in Frameworks */ = {isa = PBXBuildFile; productRef = DD280D6B2B1DBE9100707971 /* FirebaseDatabase */; };
		DD280D6E2B1DBE9100707971 /* FirebaseDatabaseSwift in Frameworks */ = {isa = PBXBuildFile; productRef = DD280D6D2B1DBE9100707971 /* FirebaseDatabaseSwift */; };
		DD280D702B1DBE9100707971 /* FirebaseDynamicLinks in Frameworks */ = {isa = PBXBuildFile; productRef = DD280D6F2B1DBE9100707971 /* FirebaseDynamicLinks */; };
		DD280D722B1DBE9100707971 /* FirebaseFirestore in Frameworks */ = {isa = PBXBuildFile; productRef = DD280D712B1DBE9100707971 /* FirebaseFirestore */; };
		DD280D742B1DBE9100707971 /* FirebaseFirestoreCombine-Community in Frameworks */ = {isa = PBXBuildFile; productRef = DD280D732B1DBE9100707971 /* FirebaseFirestoreCombine-Community */; };
		DD280D762B1DBE9100707971 /* FirebaseFirestoreSwift in Frameworks */ = {isa = PBXBuildFile; productRef = DD280D752B1DBE9100707971 /* FirebaseFirestoreSwift */; };
		DD280D782B1DBE9100707971 /* FirebaseFunctions in Frameworks */ = {isa = PBXBuildFile; productRef = DD280D772B1DBE9100707971 /* FirebaseFunctions */; };
		DD280D7A2B1DBE9100707971 /* FirebaseFunctionsCombine-Community in Frameworks */ = {isa = PBXBuildFile; productRef = DD280D792B1DBE9100707971 /* FirebaseFunctionsCombine-Community */; };
		DD280D7C2B1DBE9100707971 /* FirebaseInAppMessaging-Beta in Frameworks */ = {isa = PBXBuildFile; productRef = DD280D7B2B1DBE9100707971 /* FirebaseInAppMessaging-Beta */; };
		DD280D7E2B1DBE9100707971 /* FirebaseInAppMessagingSwift-Beta in Frameworks */ = {isa = PBXBuildFile; productRef = DD280D7D2B1DBE9100707971 /* FirebaseInAppMessagingSwift-Beta */; };
		DD280D802B1DBE9100707971 /* FirebaseInstallations in Frameworks */ = {isa = PBXBuildFile; productRef = DD280D7F2B1DBE9100707971 /* FirebaseInstallations */; };
		DD280D822B1DBE9100707971 /* FirebaseMLModelDownloader in Frameworks */ = {isa = PBXBuildFile; productRef = DD280D812B1DBE9100707971 /* FirebaseMLModelDownloader */; };
		DD280D842B1DBE9100707971 /* FirebaseMessaging in Frameworks */ = {isa = PBXBuildFile; productRef = DD280D832B1DBE9100707971 /* FirebaseMessaging */; };
		DD280D862B1DBE9100707971 /* FirebasePerformance in Frameworks */ = {isa = PBXBuildFile; productRef = DD280D852B1DBE9100707971 /* FirebasePerformance */; };
		DD280D882B1DBE9100707971 /* FirebaseRemoteConfig in Frameworks */ = {isa = PBXBuildFile; productRef = DD280D872B1DBE9100707971 /* FirebaseRemoteConfig */; };
		DD280D8A2B1DBE9100707971 /* FirebaseRemoteConfigSwift in Frameworks */ = {isa = PBXBuildFile; productRef = DD280D892B1DBE9100707971 /* FirebaseRemoteConfigSwift */; };
		DD280D8C2B1DBE9100707971 /* FirebaseStorage in Frameworks */ = {isa = PBXBuildFile; productRef = DD280D8B2B1DBE9100707971 /* FirebaseStorage */; };
		DD280D8E2B1DBE9100707971 /* FirebaseStorageCombine-Community in Frameworks */ = {isa = PBXBuildFile; productRef = DD280D8D2B1DBE9100707971 /* FirebaseStorageCombine-Community */; };
		DD3413C32B1739CD00A718E7 /* RegionsViewController.swift in Sources */ = {isa = PBXBuildFile; fileRef = DD3413C22B1739CD00A718E7 /* RegionsViewController.swift */; };
		DD3413C62B175AAB00A718E7 /* MapViewController.swift in Sources */ = {isa = PBXBuildFile; fileRef = DD3413C52B175AAB00A718E7 /* MapViewController.swift */; };
		DD3413C92B1767B000A718E7 /* CurrentCasinoController.swift in Sources */ = {isa = PBXBuildFile; fileRef = DD3413C82B1767B000A718E7 /* CurrentCasinoController.swift */; };
		DD3413CC2B176EBA00A718E7 /* NewsListViewController.swift in Sources */ = {isa = PBXBuildFile; fileRef = DD3413CB2B176EBA00A718E7 /* NewsListViewController.swift */; };
		DD3413CE2B176EFC00A718E7 /* NewsListCustomCell.swift in Sources */ = {isa = PBXBuildFile; fileRef = DD3413CD2B176EFC00A718E7 /* NewsListCustomCell.swift */; };
		DD3413D02B17896700A718E7 /* CurrentNewViewController.swift in Sources */ = {isa = PBXBuildFile; fileRef = DD3413CF2B17896700A718E7 /* CurrentNewViewController.swift */; };
		DD3413D32B18723100A718E7 /* NetworkManager.swift in Sources */ = {isa = PBXBuildFile; fileRef = DD3413D22B18723100A718E7 /* NetworkManager.swift */; };
		DD5B30782B28587F005C2109 /* CollectionViewNewsCell.swift in Sources */ = {isa = PBXBuildFile; fileRef = DD5B30772B28587F005C2109 /* CollectionViewNewsCell.swift */; };
		DD6A98862B20CBDE005ABF4F /* SDWebImage in Frameworks */ = {isa = PBXBuildFile; productRef = DD6A98852B20CBDE005ABF4F /* SDWebImage */; };
		DD6A98882B20CBDE005ABF4F /* SDWebImageMapKit in Frameworks */ = {isa = PBXBuildFile; productRef = DD6A98872B20CBDE005ABF4F /* SDWebImageMapKit */; };
		DD6A988D2B221A6E005ABF4F /* Open-Sans-Semibold.ttf in Resources */ = {isa = PBXBuildFile; fileRef = DD6A988B2B221A6D005ABF4F /* Open-Sans-Semibold.ttf */; };
		DD6A988E2B221A6E005ABF4F /* Open-Sans-ExtraBold.ttf in Resources */ = {isa = PBXBuildFile; fileRef = DD6A988C2B221A6D005ABF4F /* Open-Sans-ExtraBold.ttf */; };
		DD6A98902B221C2E005ABF4F /* Open-Sans-Regular.ttf in Resources */ = {isa = PBXBuildFile; fileRef = DD6A988F2B221C2E005ABF4F /* Open-Sans-Regular.ttf */; };
		DD877A3B2B18CEEA000253A7 /* TabBarViewController.swift in Sources */ = {isa = PBXBuildFile; fileRef = DD877A3A2B18CEEA000253A7 /* TabBarViewController.swift */; };
		DD921A352B14EDA000DDAFC5 /* AppDelegate.swift in Sources */ = {isa = PBXBuildFile; fileRef = DD921A342B14EDA000DDAFC5 /* AppDelegate.swift */; };
		DD921A372B14EDA000DDAFC5 /* SceneDelegate.swift in Sources */ = {isa = PBXBuildFile; fileRef = DD921A362B14EDA000DDAFC5 /* SceneDelegate.swift */; };
		DD921A3C2B14EDA000DDAFC5 /* Main.storyboard in Resources */ = {isa = PBXBuildFile; fileRef = DD921A3A2B14EDA000DDAFC5 /* Main.storyboard */; };
		DD921A3E2B14EDA300DDAFC5 /* Assets.xcassets in Resources */ = {isa = PBXBuildFile; fileRef = DD921A3D2B14EDA300DDAFC5 /* Assets.xcassets */; };
		DD921A412B14EDA300DDAFC5 /* LaunchScreen.storyboard in Resources */ = {isa = PBXBuildFile; fileRef = DD921A3F2B14EDA300DDAFC5 /* LaunchScreen.storyboard */; };
		DD921A492B15DC8700DDAFC5 /* OnboardingViewController.swift in Sources */ = {isa = PBXBuildFile; fileRef = DD921A482B15DC8700DDAFC5 /* OnboardingViewController.swift */; };
		DD921A4F2B15EB5500DDAFC5 /* AdLoadController.swift in Sources */ = {isa = PBXBuildFile; fileRef = DD921A4E2B15EB5500DDAFC5 /* AdLoadController.swift */; };
		DD921A512B15F14100DDAFC5 /* LoadingViewController.swift in Sources */ = {isa = PBXBuildFile; fileRef = DD921A502B15F14100DDAFC5 /* LoadingViewController.swift */; };
		DD921A572B15FB9300DDAFC5 /* MainListTableViewController.swift in Sources */ = {isa = PBXBuildFile; fileRef = DD921A562B15FB9300DDAFC5 /* MainListTableViewController.swift */; };
		DD921A592B15FE6800DDAFC5 /* CustomListMainTableCell.swift in Sources */ = {isa = PBXBuildFile; fileRef = DD921A582B15FE6800DDAFC5 /* CustomListMainTableCell.swift */; };
		DD921A5C2B17255F00DDAFC5 /* RatingListViewController.swift in Sources */ = {isa = PBXBuildFile; fileRef = DD921A5B2B17255F00DDAFC5 /* RatingListViewController.swift */; };
		DD921A5E2B17260700DDAFC5 /* RatingListCustomCell.swift in Sources */ = {isa = PBXBuildFile; fileRef = DD921A5D2B17260700DDAFC5 /* RatingListCustomCell.swift */; };
		DDA0470C2B1F5023000AC929 /* Cosmos in Frameworks */ = {isa = PBXBuildFile; productRef = DDA0470B2B1F5023000AC929 /* Cosmos */; };
		DDE541222B29F97A0091DB2C /* Localizable.xcstrings in Resources */ = {isa = PBXBuildFile; fileRef = DDE541212B29F97A0091DB2C /* Localizable.xcstrings */; };
/* End PBXBuildFile section */

/* Begin PBXFileReference section */
		DD280D4D2B1B9EEE00707971 /* Model.swift */ = {isa = PBXFileReference; lastKnownFileType = sourcecode.swift; path = Model.swift; sourceTree = "<group>"; };
		DD280D4F2B1BAD7E00707971 /* StorageManager.swift */ = {isa = PBXFileReference; lastKnownFileType = sourcecode.swift; path = StorageManager.swift; sourceTree = "<group>"; };
		DD280D542B1BB17E00707971 /* Extension.swift */ = {isa = PBXFileReference; lastKnownFileType = sourcecode.swift; path = Extension.swift; sourceTree = "<group>"; };
		DD280D562B1DBDD500707971 /* GoogleService-Info.plist */ = {isa = PBXFileReference; fileEncoding = 4; lastKnownFileType = text.plist.xml; path = "GoogleService-Info.plist"; sourceTree = "<group>"; };
		DD3413C22B1739CD00A718E7 /* RegionsViewController.swift */ = {isa = PBXFileReference; lastKnownFileType = sourcecode.swift; path = RegionsViewController.swift; sourceTree = "<group>"; };
		DD3413C52B175AAB00A718E7 /* MapViewController.swift */ = {isa = PBXFileReference; lastKnownFileType = sourcecode.swift; path = MapViewController.swift; sourceTree = "<group>"; };
		DD3413C82B1767B000A718E7 /* CurrentCasinoController.swift */ = {isa = PBXFileReference; lastKnownFileType = sourcecode.swift; path = CurrentCasinoController.swift; sourceTree = "<group>"; };
		DD3413CB2B176EBA00A718E7 /* NewsListViewController.swift */ = {isa = PBXFileReference; lastKnownFileType = sourcecode.swift; path = NewsListViewController.swift; sourceTree = "<group>"; };
		DD3413CD2B176EFC00A718E7 /* NewsListCustomCell.swift */ = {isa = PBXFileReference; lastKnownFileType = sourcecode.swift; path = NewsListCustomCell.swift; sourceTree = "<group>"; };
		DD3413CF2B17896700A718E7 /* CurrentNewViewController.swift */ = {isa = PBXFileReference; lastKnownFileType = sourcecode.swift; path = CurrentNewViewController.swift; sourceTree = "<group>"; };
		DD3413D22B18723100A718E7 /* NetworkManager.swift */ = {isa = PBXFileReference; lastKnownFileType = sourcecode.swift; path = NetworkManager.swift; sourceTree = "<group>"; };
		DD5B30772B28587F005C2109 /* CollectionViewNewsCell.swift */ = {isa = PBXFileReference; lastKnownFileType = sourcecode.swift; path = CollectionViewNewsCell.swift; sourceTree = "<group>"; };
		DD6A988B2B221A6D005ABF4F /* Open-Sans-Semibold.ttf */ = {isa = PBXFileReference; lastKnownFileType = file; path = "Open-Sans-Semibold.ttf"; sourceTree = "<group>"; };
		DD6A988C2B221A6D005ABF4F /* Open-Sans-ExtraBold.ttf */ = {isa = PBXFileReference; lastKnownFileType = file; path = "Open-Sans-ExtraBold.ttf"; sourceTree = "<group>"; };
		DD6A988F2B221C2E005ABF4F /* Open-Sans-Regular.ttf */ = {isa = PBXFileReference; lastKnownFileType = file; path = "Open-Sans-Regular.ttf"; sourceTree = "<group>"; };
		DD877A3A2B18CEEA000253A7 /* TabBarViewController.swift */ = {isa = PBXFileReference; lastKnownFileType = sourcecode.swift; path = TabBarViewController.swift; sourceTree = "<group>"; };
		DD921A312B14EDA000DDAFC5 /* WhereIsMyCasino?.app */ = {isa = PBXFileReference; explicitFileType = wrapper.application; includeInIndex = 0; path = "WhereIsMyCasino?.app"; sourceTree = BUILT_PRODUCTS_DIR; };
		DD921A342B14EDA000DDAFC5 /* AppDelegate.swift */ = {isa = PBXFileReference; lastKnownFileType = sourcecode.swift; path = AppDelegate.swift; sourceTree = "<group>"; };
		DD921A362B14EDA000DDAFC5 /* SceneDelegate.swift */ = {isa = PBXFileReference; lastKnownFileType = sourcecode.swift; path = SceneDelegate.swift; sourceTree = "<group>"; };
		DD921A3B2B14EDA000DDAFC5 /* Base */ = {isa = PBXFileReference; lastKnownFileType = file.storyboard; name = Base; path = Base.lproj/Main.storyboard; sourceTree = "<group>"; };
		DD921A3D2B14EDA300DDAFC5 /* Assets.xcassets */ = {isa = PBXFileReference; lastKnownFileType = folder.assetcatalog; path = Assets.xcassets; sourceTree = "<group>"; };
		DD921A402B14EDA300DDAFC5 /* Base */ = {isa = PBXFileReference; lastKnownFileType = file.storyboard; name = Base; path = Base.lproj/LaunchScreen.storyboard; sourceTree = "<group>"; };
		DD921A422B14EDA300DDAFC5 /* Info.plist */ = {isa = PBXFileReference; lastKnownFileType = text.plist.xml; path = Info.plist; sourceTree = "<group>"; };
		DD921A482B15DC8700DDAFC5 /* OnboardingViewController.swift */ = {isa = PBXFileReference; lastKnownFileType = sourcecode.swift; path = OnboardingViewController.swift; sourceTree = "<group>"; };
		DD921A4E2B15EB5500DDAFC5 /* AdLoadController.swift */ = {isa = PBXFileReference; lastKnownFileType = sourcecode.swift; path = AdLoadController.swift; sourceTree = "<group>"; };
		DD921A502B15F14100DDAFC5 /* LoadingViewController.swift */ = {isa = PBXFileReference; lastKnownFileType = sourcecode.swift; path = LoadingViewController.swift; sourceTree = "<group>"; };
		DD921A562B15FB9300DDAFC5 /* MainListTableViewController.swift */ = {isa = PBXFileReference; lastKnownFileType = sourcecode.swift; path = MainListTableViewController.swift; sourceTree = "<group>"; };
		DD921A582B15FE6800DDAFC5 /* CustomListMainTableCell.swift */ = {isa = PBXFileReference; lastKnownFileType = sourcecode.swift; path = CustomListMainTableCell.swift; sourceTree = "<group>"; };
		DD921A5B2B17255F00DDAFC5 /* RatingListViewController.swift */ = {isa = PBXFileReference; lastKnownFileType = sourcecode.swift; path = RatingListViewController.swift; sourceTree = "<group>"; };
		DD921A5D2B17260700DDAFC5 /* RatingListCustomCell.swift */ = {isa = PBXFileReference; lastKnownFileType = sourcecode.swift; path = RatingListCustomCell.swift; sourceTree = "<group>"; };
		DDE541212B29F97A0091DB2C /* Localizable.xcstrings */ = {isa = PBXFileReference; lastKnownFileType = text.json.xcstrings; path = Localizable.xcstrings; sourceTree = "<group>"; };
/* End PBXFileReference section */

/* Begin PBXFrameworksBuildPhase section */
		DD921A2E2B14EDA000DDAFC5 /* Frameworks */ = {
			isa = PBXFrameworksBuildPhase;
			buildActionMask = 2147483647;
			files = (
				DD280D6C2B1DBE9100707971 /* FirebaseDatabase in Frameworks */,
				DD280D7A2B1DBE9100707971 /* FirebaseFunctionsCombine-Community in Frameworks */,
				DDA0470C2B1F5023000AC929 /* Cosmos in Frameworks */,
				DD280D722B1DBE9100707971 /* FirebaseFirestore in Frameworks */,
				DD280D5E2B1DBE9100707971 /* FirebaseAnalyticsSwift in Frameworks */,
				DD280D5A2B1DBE9100707971 /* FirebaseAnalytics in Frameworks */,
				DD280D5C2B1DBE9100707971 /* FirebaseAnalyticsOnDeviceConversion in Frameworks */,
				DD6A98862B20CBDE005ABF4F /* SDWebImage in Frameworks */,
				DD280D822B1DBE9100707971 /* FirebaseMLModelDownloader in Frameworks */,
				DD280D762B1DBE9100707971 /* FirebaseFirestoreSwift in Frameworks */,
				DD099F722B2F284D001D18EC /* OneSignalInAppMessages in Frameworks */,
				DD280D622B1DBE9100707971 /* FirebaseAppCheck in Frameworks */,
				DD280D602B1DBE9100707971 /* FirebaseAnalyticsWithoutAdIdSupport in Frameworks */,
				DD280D662B1DBE9100707971 /* FirebaseAuth in Frameworks */,
				DD280D6A2B1DBE9100707971 /* FirebaseCrashlytics in Frameworks */,
				DD280D8A2B1DBE9100707971 /* FirebaseRemoteConfigSwift in Frameworks */,
				DD099F6E2B2F284D001D18EC /* OneSignalExtension in Frameworks */,
				DD280D7C2B1DBE9100707971 /* FirebaseInAppMessaging-Beta in Frameworks */,
				DD6A98882B20CBDE005ABF4F /* SDWebImageMapKit in Frameworks */,
				DD280D6E2B1DBE9100707971 /* FirebaseDatabaseSwift in Frameworks */,
				DD26640A2B2C543C0071CAFC /* AppsFlyerLib in Frameworks */,
				DD280D782B1DBE9100707971 /* FirebaseFunctions in Frameworks */,
				DD280D8E2B1DBE9100707971 /* FirebaseStorageCombine-Community in Frameworks */,
				DD280D882B1DBE9100707971 /* FirebaseRemoteConfig in Frameworks */,
				DD280D642B1DBE9100707971 /* FirebaseAppDistribution-Beta in Frameworks */,
				DD280D682B1DBE9100707971 /* FirebaseAuthCombine-Community in Frameworks */,
				DD099F742B2F284D001D18EC /* OneSignalLocation in Frameworks */,
				DD280D862B1DBE9100707971 /* FirebasePerformance in Frameworks */,
				DD280D7E2B1DBE9100707971 /* FirebaseInAppMessagingSwift-Beta in Frameworks */,
				DD280D8C2B1DBE9100707971 /* FirebaseStorage in Frameworks */,
				DD280D702B1DBE9100707971 /* FirebaseDynamicLinks in Frameworks */,
				DD280D742B1DBE9100707971 /* FirebaseFirestoreCombine-Community in Frameworks */,
				DD280D842B1DBE9100707971 /* FirebaseMessaging in Frameworks */,
				DD099F702B2F284D001D18EC /* OneSignalFramework in Frameworks */,
				DD280D802B1DBE9100707971 /* FirebaseInstallations in Frameworks */,
			);
			runOnlyForDeploymentPostprocessing = 0;
		};
/* End PBXFrameworksBuildPhase section */

/* Begin PBXGroup section */
		DD3413C42B1739D300A718E7 /* Map */ = {
			isa = PBXGroup;
			children = (
				DD3413C22B1739CD00A718E7 /* RegionsViewController.swift */,
				DD3413C52B175AAB00A718E7 /* MapViewController.swift */,
			);
			path = Map;
			sourceTree = "<group>";
		};
		DD3413C72B17677B00A718E7 /* CurrentCasinoView */ = {
			isa = PBXGroup;
			children = (
				DD3413C82B1767B000A718E7 /* CurrentCasinoController.swift */,
			);
			path = CurrentCasinoView;
			sourceTree = "<group>";
		};
		DD3413CA2B176EAA00A718E7 /* News */ = {
			isa = PBXGroup;
			children = (
				DD3413CB2B176EBA00A718E7 /* NewsListViewController.swift */,
				DD3413CF2B17896700A718E7 /* CurrentNewViewController.swift */,
				DD3413CD2B176EFC00A718E7 /* NewsListCustomCell.swift */,
				DD5B30772B28587F005C2109 /* CollectionViewNewsCell.swift */,
			);
			path = News;
			sourceTree = "<group>";
		};
		DD3413D12B18721600A718E7 /* Managers */ = {
			isa = PBXGroup;
			children = (
				DD3413D22B18723100A718E7 /* NetworkManager.swift */,
				DD280D4D2B1B9EEE00707971 /* Model.swift */,
				DD280D4F2B1BAD7E00707971 /* StorageManager.swift */,
			);
			path = Managers;
			sourceTree = "<group>";
		};
		DD6A98912B221C53005ABF4F /* Fonts */ = {
			isa = PBXGroup;
			children = (
				DD6A988B2B221A6D005ABF4F /* Open-Sans-Semibold.ttf */,
				DD6A988F2B221C2E005ABF4F /* Open-Sans-Regular.ttf */,
				DD6A988C2B221A6D005ABF4F /* Open-Sans-ExtraBold.ttf */,
			);
			path = Fonts;
			sourceTree = "<group>";
		};
		DD921A282B14EDA000DDAFC5 = {
			isa = PBXGroup;
			children = (
				DD921A332B14EDA000DDAFC5 /* WhereIsMyCasino? */,
				DD921A322B14EDA000DDAFC5 /* Products */,
			);
			sourceTree = "<group>";
		};
		DD921A322B14EDA000DDAFC5 /* Products */ = {
			isa = PBXGroup;
			children = (
				DD921A312B14EDA000DDAFC5 /* WhereIsMyCasino?.app */,
			);
			name = Products;
			sourceTree = "<group>";
		};
		DD921A332B14EDA000DDAFC5 /* WhereIsMyCasino? */ = {
			isa = PBXGroup;
			children = (
				DDE541202B29F9350091DB2C /* Localize */,
				DD6A98912B221C53005ABF4F /* Fonts */,
				DD3413D12B18721600A718E7 /* Managers */,
				DD3413CA2B176EAA00A718E7 /* News */,
				DD3413C72B17677B00A718E7 /* CurrentCasinoView */,
				DD3413C42B1739D300A718E7 /* Map */,
				DD921A5A2B17254500DDAFC5 /* Rating */,
				DD921A552B15FB5300DDAFC5 /* MainList */,
				DD921A542B15FAFA00DDAFC5 /* AdLoadView */,
				DD921A532B15FAE800DDAFC5 /* Loading */,
				DD921A522B15FA9B00DDAFC5 /* Onboarding */,
				DD921A342B14EDA000DDAFC5 /* AppDelegate.swift */,
				DD921A362B14EDA000DDAFC5 /* SceneDelegate.swift */,
				DD921A3A2B14EDA000DDAFC5 /* Main.storyboard */,
				DD921A3D2B14EDA300DDAFC5 /* Assets.xcassets */,
				DD921A3F2B14EDA300DDAFC5 /* LaunchScreen.storyboard */,
				DD280D562B1DBDD500707971 /* GoogleService-Info.plist */,
				DD921A422B14EDA300DDAFC5 /* Info.plist */,
				DD280D542B1BB17E00707971 /* Extension.swift */,
			);
			path = "WhereIsMyCasino?";
			sourceTree = "<group>";
		};
		DD921A522B15FA9B00DDAFC5 /* Onboarding */ = {
			isa = PBXGroup;
			children = (
				DD921A482B15DC8700DDAFC5 /* OnboardingViewController.swift */,
			);
			path = Onboarding;
			sourceTree = "<group>";
		};
		DD921A532B15FAE800DDAFC5 /* Loading */ = {
			isa = PBXGroup;
			children = (
				DD921A502B15F14100DDAFC5 /* LoadingViewController.swift */,
			);
			path = Loading;
			sourceTree = "<group>";
		};
		DD921A542B15FAFA00DDAFC5 /* AdLoadView */ = {
			isa = PBXGroup;
			children = (
				DD921A4E2B15EB5500DDAFC5 /* AdLoadController.swift */,
			);
			path = AdLoadView;
			sourceTree = "<group>";
		};
		DD921A552B15FB5300DDAFC5 /* MainList */ = {
			isa = PBXGroup;
			children = (
				DD921A562B15FB9300DDAFC5 /* MainListTableViewController.swift */,
				DD921A582B15FE6800DDAFC5 /* CustomListMainTableCell.swift */,
				DD877A3A2B18CEEA000253A7 /* TabBarViewController.swift */,
			);
			path = MainList;
			sourceTree = "<group>";
		};
		DD921A5A2B17254500DDAFC5 /* Rating */ = {
			isa = PBXGroup;
			children = (
				DD921A5B2B17255F00DDAFC5 /* RatingListViewController.swift */,
				DD921A5D2B17260700DDAFC5 /* RatingListCustomCell.swift */,
			);
			path = Rating;
			sourceTree = "<group>";
		};
		DDE541202B29F9350091DB2C /* Localize */ = {
			isa = PBXGroup;
			children = (
				DDE541212B29F97A0091DB2C /* Localizable.xcstrings */,
			);
			path = Localize;
			sourceTree = "<group>";
		};
/* End PBXGroup section */

/* Begin PBXNativeTarget section */
		DD921A302B14EDA000DDAFC5 /* WhereIsMyCasino? */ = {
			isa = PBXNativeTarget;
			buildConfigurationList = DD921A452B14EDA300DDAFC5 /* Build configuration list for PBXNativeTarget "WhereIsMyCasino?" */;
			buildPhases = (
				DD921A2D2B14EDA000DDAFC5 /* Sources */,
				DD921A2E2B14EDA000DDAFC5 /* Frameworks */,
				DD921A2F2B14EDA000DDAFC5 /* Resources */,
			);
			buildRules = (
			);
			dependencies = (
			);
			name = "WhereIsMyCasino?";
			packageProductDependencies = (
				DD280D592B1DBE9100707971 /* FirebaseAnalytics */,
				DD280D5B2B1DBE9100707971 /* FirebaseAnalyticsOnDeviceConversion */,
				DD280D5D2B1DBE9100707971 /* FirebaseAnalyticsSwift */,
				DD280D5F2B1DBE9100707971 /* FirebaseAnalyticsWithoutAdIdSupport */,
				DD280D612B1DBE9100707971 /* FirebaseAppCheck */,
				DD280D632B1DBE9100707971 /* FirebaseAppDistribution-Beta */,
				DD280D652B1DBE9100707971 /* FirebaseAuth */,
				DD280D672B1DBE9100707971 /* FirebaseAuthCombine-Community */,
				DD280D692B1DBE9100707971 /* FirebaseCrashlytics */,
				DD280D6B2B1DBE9100707971 /* FirebaseDatabase */,
				DD280D6D2B1DBE9100707971 /* FirebaseDatabaseSwift */,
				DD280D6F2B1DBE9100707971 /* FirebaseDynamicLinks */,
				DD280D712B1DBE9100707971 /* FirebaseFirestore */,
				DD280D732B1DBE9100707971 /* FirebaseFirestoreCombine-Community */,
				DD280D752B1DBE9100707971 /* FirebaseFirestoreSwift */,
				DD280D772B1DBE9100707971 /* FirebaseFunctions */,
				DD280D792B1DBE9100707971 /* FirebaseFunctionsCombine-Community */,
				DD280D7B2B1DBE9100707971 /* FirebaseInAppMessaging-Beta */,
				DD280D7D2B1DBE9100707971 /* FirebaseInAppMessagingSwift-Beta */,
				DD280D7F2B1DBE9100707971 /* FirebaseInstallations */,
				DD280D812B1DBE9100707971 /* FirebaseMLModelDownloader */,
				DD280D832B1DBE9100707971 /* FirebaseMessaging */,
				DD280D852B1DBE9100707971 /* FirebasePerformance */,
				DD280D872B1DBE9100707971 /* FirebaseRemoteConfig */,
				DD280D892B1DBE9100707971 /* FirebaseRemoteConfigSwift */,
				DD280D8B2B1DBE9100707971 /* FirebaseStorage */,
				DD280D8D2B1DBE9100707971 /* FirebaseStorageCombine-Community */,
				DDA0470B2B1F5023000AC929 /* Cosmos */,
				DD6A98852B20CBDE005ABF4F /* SDWebImage */,
				DD6A98872B20CBDE005ABF4F /* SDWebImageMapKit */,
				DD2664092B2C543C0071CAFC /* AppsFlyerLib */,
				DD099F6D2B2F284D001D18EC /* OneSignalExtension */,
				DD099F6F2B2F284D001D18EC /* OneSignalFramework */,
				DD099F712B2F284D001D18EC /* OneSignalInAppMessages */,
				DD099F732B2F284D001D18EC /* OneSignalLocation */,
			);
			productName = 1;
			productReference = DD921A312B14EDA000DDAFC5 /* WhereIsMyCasino?.app */;
			productType = "com.apple.product-type.application";
		};
/* End PBXNativeTarget section */

/* Begin PBXProject section */
		DD921A292B14EDA000DDAFC5 /* Project object */ = {
			isa = PBXProject;
			attributes = {
				BuildIndependentTargetsInParallel = 1;
				LastSwiftUpdateCheck = 1500;
				LastUpgradeCheck = 1500;
				TargetAttributes = {
					DD921A302B14EDA000DDAFC5 = {
						CreatedOnToolsVersion = 15.0.1;
					};
				};
			};
			buildConfigurationList = DD921A2C2B14EDA000DDAFC5 /* Build configuration list for PBXProject "WhereIsMyCasino?" */;
			compatibilityVersion = "Xcode 15.0";
			developmentRegion = en;
			hasScannedForEncodings = 0;
			knownRegions = (
				en,
				Base,
				ru,
			);
			mainGroup = DD921A282B14EDA000DDAFC5;
			packageReferences = (
				DD280D582B1DBE9100707971 /* XCRemoteSwiftPackageReference "firebase-ios-sdk" */,
				DDA0470A2B1F5023000AC929 /* XCRemoteSwiftPackageReference "Cosmos" */,
				DD6A98842B20CBDE005ABF4F /* XCRemoteSwiftPackageReference "SDWebImage" */,
				DD5B307A2B285F7F005C2109 /* XCRemoteSwiftPackageReference "OneSignal-XCFramework" */,
				DD2664082B2C543C0071CAFC /* XCRemoteSwiftPackageReference "AppsFlyerFramework" */,
			);
			productRefGroup = DD921A322B14EDA000DDAFC5 /* Products */;
			projectDirPath = "";
			projectRoot = "";
			targets = (
				DD921A302B14EDA000DDAFC5 /* WhereIsMyCasino? */,
			);
		};
/* End PBXProject section */

/* Begin PBXResourcesBuildPhase section */
		DD921A2F2B14EDA000DDAFC5 /* Resources */ = {
			isa = PBXResourcesBuildPhase;
			buildActionMask = 2147483647;
			files = (
				DD921A412B14EDA300DDAFC5 /* LaunchScreen.storyboard in Resources */,
				DD6A988E2B221A6E005ABF4F /* Open-Sans-ExtraBold.ttf in Resources */,
				DDE541222B29F97A0091DB2C /* Localizable.xcstrings in Resources */,
				DD6A988D2B221A6E005ABF4F /* Open-Sans-Semibold.ttf in Resources */,
				DD280D572B1DBDD600707971 /* GoogleService-Info.plist in Resources */,
				DD6A98902B221C2E005ABF4F /* Open-Sans-Regular.ttf in Resources */,
				DD921A3E2B14EDA300DDAFC5 /* Assets.xcassets in Resources */,
				DD921A3C2B14EDA000DDAFC5 /* Main.storyboard in Resources */,
			);
			runOnlyForDeploymentPostprocessing = 0;
		};
/* End PBXResourcesBuildPhase section */

/* Begin PBXSourcesBuildPhase section */
		DD921A2D2B14EDA000DDAFC5 /* Sources */ = {
			isa = PBXSourcesBuildPhase;
			buildActionMask = 2147483647;
			files = (
				DD921A512B15F14100DDAFC5 /* LoadingViewController.swift in Sources */,
				DD921A572B15FB9300DDAFC5 /* MainListTableViewController.swift in Sources */,
				DD3413CC2B176EBA00A718E7 /* NewsListViewController.swift in Sources */,
				DD877A3B2B18CEEA000253A7 /* TabBarViewController.swift in Sources */,
				DD3413C32B1739CD00A718E7 /* RegionsViewController.swift in Sources */,
				DD3413D02B17896700A718E7 /* CurrentNewViewController.swift in Sources */,
				DD280D502B1BAD7E00707971 /* StorageManager.swift in Sources */,
				DD921A5E2B17260700DDAFC5 /* RatingListCustomCell.swift in Sources */,
				DD280D552B1BB17E00707971 /* Extension.swift in Sources */,
				DD921A4F2B15EB5500DDAFC5 /* AdLoadController.swift in Sources */,
				DD5B30782B28587F005C2109 /* CollectionViewNewsCell.swift in Sources */,
				DD921A592B15FE6800DDAFC5 /* CustomListMainTableCell.swift in Sources */,
				DD3413C62B175AAB00A718E7 /* MapViewController.swift in Sources */,
				DD3413D32B18723100A718E7 /* NetworkManager.swift in Sources */,
				DD921A352B14EDA000DDAFC5 /* AppDelegate.swift in Sources */,
				DD3413CE2B176EFC00A718E7 /* NewsListCustomCell.swift in Sources */,
				DD921A372B14EDA000DDAFC5 /* SceneDelegate.swift in Sources */,
				DD3413C92B1767B000A718E7 /* CurrentCasinoController.swift in Sources */,
				DD280D4E2B1B9EEE00707971 /* Model.swift in Sources */,
				DD921A5C2B17255F00DDAFC5 /* RatingListViewController.swift in Sources */,
				DD921A492B15DC8700DDAFC5 /* OnboardingViewController.swift in Sources */,
			);
			runOnlyForDeploymentPostprocessing = 0;
		};
/* End PBXSourcesBuildPhase section */

/* Begin PBXVariantGroup section */
		DD921A3A2B14EDA000DDAFC5 /* Main.storyboard */ = {
			isa = PBXVariantGroup;
			children = (
				DD921A3B2B14EDA000DDAFC5 /* Base */,
			);
			name = Main.storyboard;
			sourceTree = "<group>";
		};
		DD921A3F2B14EDA300DDAFC5 /* LaunchScreen.storyboard */ = {
			isa = PBXVariantGroup;
			children = (
				DD921A402B14EDA300DDAFC5 /* Base */,
			);
			name = LaunchScreen.storyboard;
			sourceTree = "<group>";
		};
/* End PBXVariantGroup section */

/* Begin XCBuildConfiguration section */
		DD921A432B14EDA300DDAFC5 /* Debug */ = {
			isa = XCBuildConfiguration;
			buildSettings = {
				ALWAYS_SEARCH_USER_PATHS = NO;
				ASSETCATALOG_COMPILER_GENERATE_SWIFT_ASSET_SYMBOL_EXTENSIONS = YES;
				CLANG_ANALYZER_NONNULL = YES;
				CLANG_ANALYZER_NUMBER_OBJECT_CONVERSION = YES_AGGRESSIVE;
				CLANG_CXX_LANGUAGE_STANDARD = "gnu++20";
				CLANG_ENABLE_MODULES = YES;
				CLANG_ENABLE_OBJC_ARC = YES;
				CLANG_ENABLE_OBJC_WEAK = YES;
				CLANG_WARN_BLOCK_CAPTURE_AUTORELEASING = YES;
				CLANG_WARN_BOOL_CONVERSION = YES;
				CLANG_WARN_COMMA = YES;
				CLANG_WARN_CONSTANT_CONVERSION = YES;
				CLANG_WARN_DEPRECATED_OBJC_IMPLEMENTATIONS = YES;
				CLANG_WARN_DIRECT_OBJC_ISA_USAGE = YES_ERROR;
				CLANG_WARN_DOCUMENTATION_COMMENTS = YES;
				CLANG_WARN_EMPTY_BODY = YES;
				CLANG_WARN_ENUM_CONVERSION = YES;
				CLANG_WARN_INFINITE_RECURSION = YES;
				CLANG_WARN_INT_CONVERSION = YES;
				CLANG_WARN_NON_LITERAL_NULL_CONVERSION = YES;
				CLANG_WARN_OBJC_IMPLICIT_RETAIN_SELF = YES;
				CLANG_WARN_OBJC_LITERAL_CONVERSION = YES;
				CLANG_WARN_OBJC_ROOT_CLASS = YES_ERROR;
				CLANG_WARN_QUOTED_INCLUDE_IN_FRAMEWORK_HEADER = YES;
				CLANG_WARN_RANGE_LOOP_ANALYSIS = YES;
				CLANG_WARN_STRICT_PROTOTYPES = YES;
				CLANG_WARN_SUSPICIOUS_MOVE = YES;
				CLANG_WARN_UNGUARDED_AVAILABILITY = YES_AGGRESSIVE;
				CLANG_WARN_UNREACHABLE_CODE = YES;
				CLANG_WARN__DUPLICATE_METHOD_MATCH = YES;
				COPY_PHASE_STRIP = NO;
				DEBUG_INFORMATION_FORMAT = dwarf;
				ENABLE_STRICT_OBJC_MSGSEND = YES;
				ENABLE_TESTABILITY = YES;
				ENABLE_USER_SCRIPT_SANDBOXING = YES;
				GCC_C_LANGUAGE_STANDARD = gnu17;
				GCC_DYNAMIC_NO_PIC = NO;
				GCC_NO_COMMON_BLOCKS = YES;
				GCC_OPTIMIZATION_LEVEL = 0;
				GCC_PREPROCESSOR_DEFINITIONS = (
					"DEBUG=1",
					"$(inherited)",
				);
				GCC_WARN_64_TO_32_BIT_CONVERSION = YES;
				GCC_WARN_ABOUT_RETURN_TYPE = YES_ERROR;
				GCC_WARN_UNDECLARED_SELECTOR = YES;
				GCC_WARN_UNINITIALIZED_AUTOS = YES_AGGRESSIVE;
				GCC_WARN_UNUSED_FUNCTION = YES;
				GCC_WARN_UNUSED_VARIABLE = YES;
				IPHONEOS_DEPLOYMENT_TARGET = 17.0;
				LOCALIZATION_PREFERS_STRING_CATALOGS = YES;
				MTL_ENABLE_DEBUG_INFO = INCLUDE_SOURCE;
				MTL_FAST_MATH = YES;
				ONLY_ACTIVE_ARCH = YES;
				SDKROOT = iphoneos;
				SWIFT_ACTIVE_COMPILATION_CONDITIONS = "DEBUG $(inherited)";
				SWIFT_OPTIMIZATION_LEVEL = "-Onone";
			};
			name = Debug;
		};
		DD921A442B14EDA300DDAFC5 /* Release */ = {
			isa = XCBuildConfiguration;
			buildSettings = {
				ALWAYS_SEARCH_USER_PATHS = NO;
				ASSETCATALOG_COMPILER_GENERATE_SWIFT_ASSET_SYMBOL_EXTENSIONS = YES;
				CLANG_ANALYZER_NONNULL = YES;
				CLANG_ANALYZER_NUMBER_OBJECT_CONVERSION = YES_AGGRESSIVE;
				CLANG_CXX_LANGUAGE_STANDARD = "gnu++20";
				CLANG_ENABLE_MODULES = YES;
				CLANG_ENABLE_OBJC_ARC = YES;
				CLANG_ENABLE_OBJC_WEAK = YES;
				CLANG_WARN_BLOCK_CAPTURE_AUTORELEASING = YES;
				CLANG_WARN_BOOL_CONVERSION = YES;
				CLANG_WARN_COMMA = YES;
				CLANG_WARN_CONSTANT_CONVERSION = YES;
				CLANG_WARN_DEPRECATED_OBJC_IMPLEMENTATIONS = YES;
				CLANG_WARN_DIRECT_OBJC_ISA_USAGE = YES_ERROR;
				CLANG_WARN_DOCUMENTATION_COMMENTS = YES;
				CLANG_WARN_EMPTY_BODY = YES;
				CLANG_WARN_ENUM_CONVERSION = YES;
				CLANG_WARN_INFINITE_RECURSION = YES;
				CLANG_WARN_INT_CONVERSION = YES;
				CLANG_WARN_NON_LITERAL_NULL_CONVERSION = YES;
				CLANG_WARN_OBJC_IMPLICIT_RETAIN_SELF = YES;
				CLANG_WARN_OBJC_LITERAL_CONVERSION = YES;
				CLANG_WARN_OBJC_ROOT_CLASS = YES_ERROR;
				CLANG_WARN_QUOTED_INCLUDE_IN_FRAMEWORK_HEADER = YES;
				CLANG_WARN_RANGE_LOOP_ANALYSIS = YES;
				CLANG_WARN_STRICT_PROTOTYPES = YES;
				CLANG_WARN_SUSPICIOUS_MOVE = YES;
				CLANG_WARN_UNGUARDED_AVAILABILITY = YES_AGGRESSIVE;
				CLANG_WARN_UNREACHABLE_CODE = YES;
				CLANG_WARN__DUPLICATE_METHOD_MATCH = YES;
				COPY_PHASE_STRIP = NO;
				DEBUG_INFORMATION_FORMAT = "dwarf-with-dsym";
				ENABLE_NS_ASSERTIONS = NO;
				ENABLE_STRICT_OBJC_MSGSEND = YES;
				ENABLE_USER_SCRIPT_SANDBOXING = YES;
				GCC_C_LANGUAGE_STANDARD = gnu17;
				GCC_NO_COMMON_BLOCKS = YES;
				GCC_WARN_64_TO_32_BIT_CONVERSION = YES;
				GCC_WARN_ABOUT_RETURN_TYPE = YES_ERROR;
				GCC_WARN_UNDECLARED_SELECTOR = YES;
				GCC_WARN_UNINITIALIZED_AUTOS = YES_AGGRESSIVE;
				GCC_WARN_UNUSED_FUNCTION = YES;
				GCC_WARN_UNUSED_VARIABLE = YES;
				IPHONEOS_DEPLOYMENT_TARGET = 17.0;
				LOCALIZATION_PREFERS_STRING_CATALOGS = YES;
				MTL_ENABLE_DEBUG_INFO = NO;
				MTL_FAST_MATH = YES;
				SDKROOT = iphoneos;
				SWIFT_COMPILATION_MODE = wholemodule;
				VALIDATE_PRODUCT = YES;
			};
			name = Release;
		};
		DD921A462B14EDA300DDAFC5 /* Debug */ = {
			isa = XCBuildConfiguration;
			buildSettings = {
				ASSETCATALOG_COMPILER_APPICON_NAME = AppIcon;
				ASSETCATALOG_COMPILER_GLOBAL_ACCENT_COLOR_NAME = AccentColor;
				CODE_SIGN_ENTITLEMENTS = "WhereIsMyCasino?/WhereIsMyCasino?.entitlements";
				CODE_SIGN_STYLE = Automatic;
				CURRENT_PROJECT_VERSION = 1;
				DEVELOPMENT_TEAM = GVUQN68G6B;
				GENERATE_INFOPLIST_FILE = YES;
				INFOPLIST_FILE = "WhereIsMyCasino?/Info.plist";
				INFOPLIST_KEY_NSCameraUsageDescription = "Need Camera";
				INFOPLIST_KEY_NSMicrophoneUsageDescription = "Need micro";
				INFOPLIST_KEY_NSUserTrackingUsageDescription = "Пожалуйста, предоставьте отслеживание";
				INFOPLIST_KEY_UIApplicationSupportsIndirectInputEvents = YES;
				INFOPLIST_KEY_UILaunchStoryboardName = LaunchScreen;
				INFOPLIST_KEY_UIMainStoryboardFile = Main;
				INFOPLIST_KEY_UISupportedInterfaceOrientations = UIInterfaceOrientationPortrait;
				INFOPLIST_KEY_UISupportedInterfaceOrientations_iPad = "UIInterfaceOrientationPortrait UIInterfaceOrientationPortraitUpsideDown";
				LD_RUNPATH_SEARCH_PATHS = (
					"$(inherited)",
					"@executable_path/Frameworks",
				);
				MARKETING_VERSION = 1.0;
				PRODUCT_BUNDLE_IDENTIFIER = "com.ancientstack.-whereiscasino";
				PRODUCT_NAME = "$(TARGET_NAME)";
				SWIFT_EMIT_LOC_STRINGS = YES;
				SWIFT_VERSION = 5.0;
				TARGETED_DEVICE_FAMILY = "1,2";
			};
			name = Debug;
		};
		DD921A472B14EDA300DDAFC5 /* Release */ = {
			isa = XCBuildConfiguration;
			buildSettings = {
				ASSETCATALOG_COMPILER_APPICON_NAME = AppIcon;
				ASSETCATALOG_COMPILER_GLOBAL_ACCENT_COLOR_NAME = AccentColor;
				CODE_SIGN_ENTITLEMENTS = "WhereIsMyCasino?/WhereIsMyCasino?.entitlements";
				CODE_SIGN_STYLE = Automatic;
				CURRENT_PROJECT_VERSION = 1;
				DEVELOPMENT_TEAM = GVUQN68G6B;
				GENERATE_INFOPLIST_FILE = YES;
				INFOPLIST_FILE = "WhereIsMyCasino?/Info.plist";
				INFOPLIST_KEY_NSCameraUsageDescription = "Need Camera";
				INFOPLIST_KEY_NSMicrophoneUsageDescription = "Need micro";
				INFOPLIST_KEY_NSUserTrackingUsageDescription = "Пожалуйста, предоставьте отслеживание";
				INFOPLIST_KEY_UIApplicationSupportsIndirectInputEvents = YES;
				INFOPLIST_KEY_UILaunchStoryboardName = LaunchScreen;
				INFOPLIST_KEY_UIMainStoryboardFile = Main;
				INFOPLIST_KEY_UISupportedInterfaceOrientations = UIInterfaceOrientationPortrait;
				INFOPLIST_KEY_UISupportedInterfaceOrientations_iPad = "UIInterfaceOrientationPortrait UIInterfaceOrientationPortraitUpsideDown";
				LD_RUNPATH_SEARCH_PATHS = (
					"$(inherited)",
					"@executable_path/Frameworks",
				);
				MARKETING_VERSION = 1.0;
				PRODUCT_BUNDLE_IDENTIFIER = "com.ancientstack.-whereiscasino";
				PRODUCT_NAME = "$(TARGET_NAME)";
				SWIFT_EMIT_LOC_STRINGS = YES;
				SWIFT_VERSION = 5.0;
				TARGETED_DEVICE_FAMILY = "1,2";
			};
			name = Release;
		};
/* End XCBuildConfiguration section */

/* Begin XCConfigurationList section */
		DD921A2C2B14EDA000DDAFC5 /* Build configuration list for PBXProject "WhereIsMyCasino?" */ = {
			isa = XCConfigurationList;
			buildConfigurations = (
				DD921A432B14EDA300DDAFC5 /* Debug */,
				DD921A442B14EDA300DDAFC5 /* Release */,
			);
			defaultConfigurationIsVisible = 0;
			defaultConfigurationName = Release;
		};
		DD921A452B14EDA300DDAFC5 /* Build configuration list for PBXNativeTarget "WhereIsMyCasino?" */ = {
			isa = XCConfigurationList;
			buildConfigurations = (
				DD921A462B14EDA300DDAFC5 /* Debug */,
				DD921A472B14EDA300DDAFC5 /* Release */,
			);
			defaultConfigurationIsVisible = 0;
			defaultConfigurationName = Release;
		};
/* End XCConfigurationList section */

/* Begin XCRemoteSwiftPackageReference section */
		DD2664082B2C543C0071CAFC /* XCRemoteSwiftPackageReference "AppsFlyerFramework" */ = {
			isa = XCRemoteSwiftPackageReference;
			repositoryURL = "https://github.com/AppsFlyerSDK/AppsFlyerFramework";
			requirement = {
				kind = exactVersion;
				version = 6.12.2;
			};
		};
		DD280D582B1DBE9100707971 /* XCRemoteSwiftPackageReference "firebase-ios-sdk" */ = {
			isa = XCRemoteSwiftPackageReference;
			repositoryURL = "https://github.com/firebase/firebase-ios-sdk";
			requirement = {
				kind = upToNextMajorVersion;
				minimumVersion = 10.18.0;
			};
		};
		DD5B307A2B285F7F005C2109 /* XCRemoteSwiftPackageReference "OneSignal-XCFramework" */ = {
			isa = XCRemoteSwiftPackageReference;
			repositoryURL = "https://github.com/OneSignal/OneSignal-XCFramework";
			requirement = {
				kind = upToNextMajorVersion;
				minimumVersion = 5.0.5;
			};
		};
		DD6A98842B20CBDE005ABF4F /* XCRemoteSwiftPackageReference "SDWebImage" */ = {
			isa = XCRemoteSwiftPackageReference;
			repositoryURL = "https://github.com/SDWebImage/SDWebImage.git";
			requirement = {
				kind = upToNextMajorVersion;
				minimumVersion = 5.18.6;
			};
		};
		DDA0470A2B1F5023000AC929 /* XCRemoteSwiftPackageReference "Cosmos" */ = {
			isa = XCRemoteSwiftPackageReference;
			repositoryURL = "https://github.com/evgenyneu/Cosmos.git";
			requirement = {
				kind = upToNextMajorVersion;
				minimumVersion = 23.0.0;
			};
		};
/* End XCRemoteSwiftPackageReference section */

/* Begin XCSwiftPackageProductDependency section */
		DD099F6D2B2F284D001D18EC /* OneSignalExtension */ = {
			isa = XCSwiftPackageProductDependency;
			package = DD5B307A2B285F7F005C2109 /* XCRemoteSwiftPackageReference "OneSignal-XCFramework" */;
			productName = OneSignalExtension;
		};
		DD099F6F2B2F284D001D18EC /* OneSignalFramework */ = {
			isa = XCSwiftPackageProductDependency;
			package = DD5B307A2B285F7F005C2109 /* XCRemoteSwiftPackageReference "OneSignal-XCFramework" */;
			productName = OneSignalFramework;
		};
		DD099F712B2F284D001D18EC /* OneSignalInAppMessages */ = {
			isa = XCSwiftPackageProductDependency;
			package = DD5B307A2B285F7F005C2109 /* XCRemoteSwiftPackageReference "OneSignal-XCFramework" */;
			productName = OneSignalInAppMessages;
		};
		DD099F732B2F284D001D18EC /* OneSignalLocation */ = {
			isa = XCSwiftPackageProductDependency;
			package = DD5B307A2B285F7F005C2109 /* XCRemoteSwiftPackageReference "OneSignal-XCFramework" */;
			productName = OneSignalLocation;
		};
		DD2664092B2C543C0071CAFC /* AppsFlyerLib */ = {
			isa = XCSwiftPackageProductDependency;
			package = DD2664082B2C543C0071CAFC /* XCRemoteSwiftPackageReference "AppsFlyerFramework" */;
			productName = AppsFlyerLib;
		};
		DD280D592B1DBE9100707971 /* FirebaseAnalytics */ = {
			isa = XCSwiftPackageProductDependency;
			package = DD280D582B1DBE9100707971 /* XCRemoteSwiftPackageReference "firebase-ios-sdk" */;
			productName = FirebaseAnalytics;
		};
		DD280D5B2B1DBE9100707971 /* FirebaseAnalyticsOnDeviceConversion */ = {
			isa = XCSwiftPackageProductDependency;
			package = DD280D582B1DBE9100707971 /* XCRemoteSwiftPackageReference "firebase-ios-sdk" */;
			productName = FirebaseAnalyticsOnDeviceConversion;
		};
		DD280D5D2B1DBE9100707971 /* FirebaseAnalyticsSwift */ = {
			isa = XCSwiftPackageProductDependency;
			package = DD280D582B1DBE9100707971 /* XCRemoteSwiftPackageReference "firebase-ios-sdk" */;
			productName = FirebaseAnalyticsSwift;
		};
		DD280D5F2B1DBE9100707971 /* FirebaseAnalyticsWithoutAdIdSupport */ = {
			isa = XCSwiftPackageProductDependency;
			package = DD280D582B1DBE9100707971 /* XCRemoteSwiftPackageReference "firebase-ios-sdk" */;
			productName = FirebaseAnalyticsWithoutAdIdSupport;
		};
		DD280D612B1DBE9100707971 /* FirebaseAppCheck */ = {
			isa = XCSwiftPackageProductDependency;
			package = DD280D582B1DBE9100707971 /* XCRemoteSwiftPackageReference "firebase-ios-sdk" */;
			productName = FirebaseAppCheck;
		};
		DD280D632B1DBE9100707971 /* FirebaseAppDistribution-Beta */ = {
			isa = XCSwiftPackageProductDependency;
			package = DD280D582B1DBE9100707971 /* XCRemoteSwiftPackageReference "firebase-ios-sdk" */;
			productName = "FirebaseAppDistribution-Beta";
		};
		DD280D652B1DBE9100707971 /* FirebaseAuth */ = {
			isa = XCSwiftPackageProductDependency;
			package = DD280D582B1DBE9100707971 /* XCRemoteSwiftPackageReference "firebase-ios-sdk" */;
			productName = FirebaseAuth;
		};
		DD280D672B1DBE9100707971 /* FirebaseAuthCombine-Community */ = {
			isa = XCSwiftPackageProductDependency;
			package = DD280D582B1DBE9100707971 /* XCRemoteSwiftPackageReference "firebase-ios-sdk" */;
			productName = "FirebaseAuthCombine-Community";
		};
		DD280D692B1DBE9100707971 /* FirebaseCrashlytics */ = {
			isa = XCSwiftPackageProductDependency;
			package = DD280D582B1DBE9100707971 /* XCRemoteSwiftPackageReference "firebase-ios-sdk" */;
			productName = FirebaseCrashlytics;
		};
		DD280D6B2B1DBE9100707971 /* FirebaseDatabase */ = {
			isa = XCSwiftPackageProductDependency;
			package = DD280D582B1DBE9100707971 /* XCRemoteSwiftPackageReference "firebase-ios-sdk" */;
			productName = FirebaseDatabase;
		};
		DD280D6D2B1DBE9100707971 /* FirebaseDatabaseSwift */ = {
			isa = XCSwiftPackageProductDependency;
			package = DD280D582B1DBE9100707971 /* XCRemoteSwiftPackageReference "firebase-ios-sdk" */;
			productName = FirebaseDatabaseSwift;
		};
		DD280D6F2B1DBE9100707971 /* FirebaseDynamicLinks */ = {
			isa = XCSwiftPackageProductDependency;
			package = DD280D582B1DBE9100707971 /* XCRemoteSwiftPackageReference "firebase-ios-sdk" */;
			productName = FirebaseDynamicLinks;
		};
		DD280D712B1DBE9100707971 /* FirebaseFirestore */ = {
			isa = XCSwiftPackageProductDependency;
			package = DD280D582B1DBE9100707971 /* XCRemoteSwiftPackageReference "firebase-ios-sdk" */;
			productName = FirebaseFirestore;
		};
		DD280D732B1DBE9100707971 /* FirebaseFirestoreCombine-Community */ = {
			isa = XCSwiftPackageProductDependency;
			package = DD280D582B1DBE9100707971 /* XCRemoteSwiftPackageReference "firebase-ios-sdk" */;
			productName = "FirebaseFirestoreCombine-Community";
		};
		DD280D752B1DBE9100707971 /* FirebaseFirestoreSwift */ = {
			isa = XCSwiftPackageProductDependency;
			package = DD280D582B1DBE9100707971 /* XCRemoteSwiftPackageReference "firebase-ios-sdk" */;
			productName = FirebaseFirestoreSwift;
		};
		DD280D772B1DBE9100707971 /* FirebaseFunctions */ = {
			isa = XCSwiftPackageProductDependency;
			package = DD280D582B1DBE9100707971 /* XCRemoteSwiftPackageReference "firebase-ios-sdk" */;
			productName = FirebaseFunctions;
		};
		DD280D792B1DBE9100707971 /* FirebaseFunctionsCombine-Community */ = {
			isa = XCSwiftPackageProductDependency;
			package = DD280D582B1DBE9100707971 /* XCRemoteSwiftPackageReference "firebase-ios-sdk" */;
			productName = "FirebaseFunctionsCombine-Community";
		};
		DD280D7B2B1DBE9100707971 /* FirebaseInAppMessaging-Beta */ = {
			isa = XCSwiftPackageProductDependency;
			package = DD280D582B1DBE9100707971 /* XCRemoteSwiftPackageReference "firebase-ios-sdk" */;
			productName = "FirebaseInAppMessaging-Beta";
		};
		DD280D7D2B1DBE9100707971 /* FirebaseInAppMessagingSwift-Beta */ = {
			isa = XCSwiftPackageProductDependency;
			package = DD280D582B1DBE9100707971 /* XCRemoteSwiftPackageReference "firebase-ios-sdk" */;
			productName = "FirebaseInAppMessagingSwift-Beta";
		};
		DD280D7F2B1DBE9100707971 /* FirebaseInstallations */ = {
			isa = XCSwiftPackageProductDependency;
			package = DD280D582B1DBE9100707971 /* XCRemoteSwiftPackageReference "firebase-ios-sdk" */;
			productName = FirebaseInstallations;
		};
		DD280D812B1DBE9100707971 /* FirebaseMLModelDownloader */ = {
			isa = XCSwiftPackageProductDependency;
			package = DD280D582B1DBE9100707971 /* XCRemoteSwiftPackageReference "firebase-ios-sdk" */;
			productName = FirebaseMLModelDownloader;
		};
		DD280D832B1DBE9100707971 /* FirebaseMessaging */ = {
			isa = XCSwiftPackageProductDependency;
			package = DD280D582B1DBE9100707971 /* XCRemoteSwiftPackageReference "firebase-ios-sdk" */;
			productName = FirebaseMessaging;
		};
		DD280D852B1DBE9100707971 /* FirebasePerformance */ = {
			isa = XCSwiftPackageProductDependency;
			package = DD280D582B1DBE9100707971 /* XCRemoteSwiftPackageReference "firebase-ios-sdk" */;
			productName = FirebasePerformance;
		};
		DD280D872B1DBE9100707971 /* FirebaseRemoteConfig */ = {
			isa = XCSwiftPackageProductDependency;
			package = DD280D582B1DBE9100707971 /* XCRemoteSwiftPackageReference "firebase-ios-sdk" */;
			productName = FirebaseRemoteConfig;
		};
		DD280D892B1DBE9100707971 /* FirebaseRemoteConfigSwift */ = {
			isa = XCSwiftPackageProductDependency;
			package = DD280D582B1DBE9100707971 /* XCRemoteSwiftPackageReference "firebase-ios-sdk" */;
			productName = FirebaseRemoteConfigSwift;
		};
		DD280D8B2B1DBE9100707971 /* FirebaseStorage */ = {
			isa = XCSwiftPackageProductDependency;
			package = DD280D582B1DBE9100707971 /* XCRemoteSwiftPackageReference "firebase-ios-sdk" */;
			productName = FirebaseStorage;
		};
		DD280D8D2B1DBE9100707971 /* FirebaseStorageCombine-Community */ = {
			isa = XCSwiftPackageProductDependency;
			package = DD280D582B1DBE9100707971 /* XCRemoteSwiftPackageReference "firebase-ios-sdk" */;
			productName = "FirebaseStorageCombine-Community";
		};
		DD6A98852B20CBDE005ABF4F /* SDWebImage */ = {
			isa = XCSwiftPackageProductDependency;
			package = DD6A98842B20CBDE005ABF4F /* XCRemoteSwiftPackageReference "SDWebImage" */;
			productName = SDWebImage;
		};
		DD6A98872B20CBDE005ABF4F /* SDWebImageMapKit */ = {
			isa = XCSwiftPackageProductDependency;
			package = DD6A98842B20CBDE005ABF4F /* XCRemoteSwiftPackageReference "SDWebImage" */;
			productName = SDWebImageMapKit;
		};
		DDA0470B2B1F5023000AC929 /* Cosmos */ = {
			isa = XCSwiftPackageProductDependency;
			package = DDA0470A2B1F5023000AC929 /* XCRemoteSwiftPackageReference "Cosmos" */;
			productName = Cosmos;
		};
/* End XCSwiftPackageProductDependency section */
	};
	rootObject = DD921A292B14EDA000DDAFC5 /* Project object */;
}
